// !$*UTF8*$!
{
	archiveVersion = 1;
	classes = {
	};
	objectVersion = 55;
	objects = {

/* Begin PBXBuildFile section */
		8CA92AF0286591B5002E4F1A /* AppDelegate.swift in Sources */ = {isa = PBXBuildFile; fileRef = 8CA92AEF286591B5002E4F1A /* AppDelegate.swift */; };
		8CA92AF4286591B5002E4F1A /* ViewController.swift in Sources */ = {isa = PBXBuildFile; fileRef = 8CA92AF3286591B5002E4F1A /* ViewController.swift */; };
		8CA92AF7286591B5002E4F1A /* Main.storyboard in Resources */ = {isa = PBXBuildFile; fileRef = 8CA92AF5286591B5002E4F1A /* Main.storyboard */; };
		8CA92AF9286591B7002E4F1A /* Assets.xcassets in Resources */ = {isa = PBXBuildFile; fileRef = 8CA92AF8286591B7002E4F1A /* Assets.xcassets */; };
		8CA92AFC286591B7002E4F1A /* LaunchScreen.storyboard in Resources */ = {isa = PBXBuildFile; fileRef = 8CA92AFA286591B7002E4F1A /* LaunchScreen.storyboard */; };
		8CAF9E41286AD6CE00EB733E /* yudpsocket.c in Sources */ = {isa = PBXBuildFile; fileRef = 8CAF9E3A286AD6CE00EB733E /* yudpsocket.c */; };
		8CAF9E42286AD6CE00EB733E /* ytcpsocket.c in Sources */ = {isa = PBXBuildFile; fileRef = 8CAF9E3B286AD6CE00EB733E /* ytcpsocket.c */; };
		8CAF9E43286AD6CE00EB733E /* TCPClient.swift in Sources */ = {isa = PBXBuildFile; fileRef = 8CAF9E3C286AD6CE00EB733E /* TCPClient.swift */; };
		8CAF9E44286AD6CE00EB733E /* Result.swift in Sources */ = {isa = PBXBuildFile; fileRef = 8CAF9E3D286AD6CE00EB733E /* Result.swift */; };
		8CAF9E45286AD6CE00EB733E /* UDPClient.swift in Sources */ = {isa = PBXBuildFile; fileRef = 8CAF9E3F286AD6CE00EB733E /* UDPClient.swift */; };
		8CAF9E46286AD6CE00EB733E /* Socket.swift in Sources */ = {isa = PBXBuildFile; fileRef = 8CAF9E40286AD6CE00EB733E /* Socket.swift */; };
		8CAF9EA2286AECF900EB733E /* ThatThat.mp3 in Resources */ = {isa = PBXBuildFile; fileRef = 8CAF9EA1286AECF900EB733E /* ThatThat.mp3 */; };
		8CAF9EB6286C1CDC00EB733E /* LogTableViewCell.swift in Sources */ = {isa = PBXBuildFile; fileRef = 8CAF9EB5286C1CDC00EB733E /* LogTableViewCell.swift */; };
		8CAF9EB8286C27CC00EB733E /* LogTableViewCell.xib in Resources */ = {isa = PBXBuildFile; fileRef = 8CAF9EB7286C27CC00EB733E /* LogTableViewCell.xib */; };
/* End PBXBuildFile section */

/* Begin PBXCopyFilesBuildPhase section */
		8CAF9EB2286C06AF00EB733E /* Embed App Extensions */ = {
			isa = PBXCopyFilesBuildPhase;
			buildActionMask = 2147483647;
			dstPath = "";
			dstSubfolderSpec = 13;
			files = (
			);
			name = "Embed App Extensions";
			runOnlyForDeploymentPostprocessing = 0;
		};
/* End PBXCopyFilesBuildPhase section */

/* Begin PBXFileReference section */
		8CA92AEC286591B5002E4F1A /* SocketLogger.app */ = {isa = PBXFileReference; explicitFileType = wrapper.application; includeInIndex = 0; path = SocketLogger.app; sourceTree = BUILT_PRODUCTS_DIR; };
		8CA92AEF286591B5002E4F1A /* AppDelegate.swift */ = {isa = PBXFileReference; lastKnownFileType = sourcecode.swift; path = AppDelegate.swift; sourceTree = "<group>"; };
		8CA92AF3286591B5002E4F1A /* ViewController.swift */ = {isa = PBXFileReference; lastKnownFileType = sourcecode.swift; path = ViewController.swift; sourceTree = "<group>"; };
		8CA92AF6286591B5002E4F1A /* Base */ = {isa = PBXFileReference; lastKnownFileType = file.storyboard; name = Base; path = Base.lproj/Main.storyboard; sourceTree = "<group>"; };
		8CA92AF8286591B7002E4F1A /* Assets.xcassets */ = {isa = PBXFileReference; lastKnownFileType = folder.assetcatalog; path = Assets.xcassets; sourceTree = "<group>"; };
		8CA92AFB286591B7002E4F1A /* Base */ = {isa = PBXFileReference; lastKnownFileType = file.storyboard; name = Base; path = Base.lproj/LaunchScreen.storyboard; sourceTree = "<group>"; };
		8CA92AFD286591B7002E4F1A /* Info.plist */ = {isa = PBXFileReference; lastKnownFileType = text.plist.xml; path = Info.plist; sourceTree = "<group>"; };
		8CA92B0328659602002E4F1A /* SocketLogger-Bridging-Header.h */ = {isa = PBXFileReference; lastKnownFileType = sourcecode.c.h; path = "SocketLogger-Bridging-Header.h"; sourceTree = "<group>"; };
		8CAF9E3A286AD6CE00EB733E /* yudpsocket.c */ = {isa = PBXFileReference; fileEncoding = 4; lastKnownFileType = sourcecode.c.c; path = yudpsocket.c; sourceTree = "<group>"; };
		8CAF9E3B286AD6CE00EB733E /* ytcpsocket.c */ = {isa = PBXFileReference; fileEncoding = 4; lastKnownFileType = sourcecode.c.c; path = ytcpsocket.c; sourceTree = "<group>"; };
		8CAF9E3C286AD6CE00EB733E /* TCPClient.swift */ = {isa = PBXFileReference; fileEncoding = 4; lastKnownFileType = sourcecode.swift; path = TCPClient.swift; sourceTree = "<group>"; };
		8CAF9E3D286AD6CE00EB733E /* Result.swift */ = {isa = PBXFileReference; fileEncoding = 4; lastKnownFileType = sourcecode.swift; path = Result.swift; sourceTree = "<group>"; };
		8CAF9E3E286AD6CE00EB733E /* SwiftSocket.h */ = {isa = PBXFileReference; fileEncoding = 4; lastKnownFileType = sourcecode.c.h; path = SwiftSocket.h; sourceTree = "<group>"; };
		8CAF9E3F286AD6CE00EB733E /* UDPClient.swift */ = {isa = PBXFileReference; fileEncoding = 4; lastKnownFileType = sourcecode.swift; path = UDPClient.swift; sourceTree = "<group>"; };
		8CAF9E40286AD6CE00EB733E /* Socket.swift */ = {isa = PBXFileReference; fileEncoding = 4; lastKnownFileType = sourcecode.swift; path = Socket.swift; sourceTree = "<group>"; };
		8CAF9EA1286AECF900EB733E /* ThatThat.mp3 */ = {isa = PBXFileReference; lastKnownFileType = audio.mp3; path = ThatThat.mp3; sourceTree = "<group>"; };
		8CAF9EB5286C1CDC00EB733E /* LogTableViewCell.swift */ = {isa = PBXFileReference; lastKnownFileType = sourcecode.swift; path = LogTableViewCell.swift; sourceTree = "<group>"; };
		8CAF9EB7286C27CC00EB733E /* LogTableViewCell.xib */ = {isa = PBXFileReference; lastKnownFileType = file.xib; path = LogTableViewCell.xib; sourceTree = "<group>"; };
/* End PBXFileReference section */

/* Begin PBXFrameworksBuildPhase section */
		8CA92AE9286591B5002E4F1A /* Frameworks */ = {
			isa = PBXFrameworksBuildPhase;
			buildActionMask = 2147483647;
			files = (
			);
			runOnlyForDeploymentPostprocessing = 0;
		};
/* End PBXFrameworksBuildPhase section */

/* Begin PBXGroup section */
		8CA92AE3286591B5002E4F1A = {
			isa = PBXGroup;
			children = (
				8CA92AEE286591B5002E4F1A /* SocketLogger */,
				8CA92AED286591B5002E4F1A /* Products */,
			);
			sourceTree = "<group>";
		};
		8CA92AED286591B5002E4F1A /* Products */ = {
			isa = PBXGroup;
			children = (
				8CA92AEC286591B5002E4F1A /* SocketLogger.app */,
			);
			name = Products;
			sourceTree = "<group>";
		};
		8CA92AEE286591B5002E4F1A /* SocketLogger */ = {
			isa = PBXGroup;
			children = (
				8CAF9E39286AD6CE00EB733E /* swiftsocket */,
				8CA92AEF286591B5002E4F1A /* AppDelegate.swift */,
				8CA92AF3286591B5002E4F1A /* ViewController.swift */,
				8CAF9EB5286C1CDC00EB733E /* LogTableViewCell.swift */,
				8CAF9EB7286C27CC00EB733E /* LogTableViewCell.xib */,
				8CAF9EA1286AECF900EB733E /* ThatThat.mp3 */,
				8CA92AFA286591B7002E4F1A /* LaunchScreen.storyboard */,
				8CA92AF5286591B5002E4F1A /* Main.storyboard */,
				8CA92AF8286591B7002E4F1A /* Assets.xcassets */,
				8CA92AFD286591B7002E4F1A /* Info.plist */,
				8CA92B0328659602002E4F1A /* SocketLogger-Bridging-Header.h */,
			);
			path = SocketLogger;
			sourceTree = "<group>";
		};
		8CAF9E39286AD6CE00EB733E /* swiftsocket */ = {
			isa = PBXGroup;
			children = (
				8CAF9E3A286AD6CE00EB733E /* yudpsocket.c */,
				8CAF9E3B286AD6CE00EB733E /* ytcpsocket.c */,
				8CAF9E3C286AD6CE00EB733E /* TCPClient.swift */,
				8CAF9E3D286AD6CE00EB733E /* Result.swift */,
				8CAF9E3E286AD6CE00EB733E /* SwiftSocket.h */,
				8CAF9E3F286AD6CE00EB733E /* UDPClient.swift */,
				8CAF9E40286AD6CE00EB733E /* Socket.swift */,
			);
			path = swiftsocket;
			sourceTree = "<group>";
		};
/* End PBXGroup section */

/* Begin PBXNativeTarget section */
		8CA92AEB286591B5002E4F1A /* SocketLogger */ = {
			isa = PBXNativeTarget;
			buildConfigurationList = 8CA92B00286591B7002E4F1A /* Build configuration list for PBXNativeTarget "SocketLogger" */;
			buildPhases = (
				8CA92AE8286591B5002E4F1A /* Sources */,
				8CA92AE9286591B5002E4F1A /* Frameworks */,
				8CA92AEA286591B5002E4F1A /* Resources */,
				8CAF9EB2286C06AF00EB733E /* Embed App Extensions */,
			);
			buildRules = (
			);
			dependencies = (
			);
			name = SocketLogger;
			packageProductDependencies = (
			);
			productName = SocketLogger;
			productReference = 8CA92AEC286591B5002E4F1A /* SocketLogger.app */;
			productType = "com.apple.product-type.application";
		};
/* End PBXNativeTarget section */

/* Begin PBXProject section */
		8CA92AE4286591B5002E4F1A /* Project object */ = {
			isa = PBXProject;
			attributes = {
				BuildIndependentTargetsInParallel = 1;
				LastSwiftUpdateCheck = 1340;
				LastUpgradeCheck = 1340;
				TargetAttributes = {
					8CA92AEB286591B5002E4F1A = {
						CreatedOnToolsVersion = 13.4.1;
						LastSwiftMigration = 1340;
					};
				};
			};
			buildConfigurationList = 8CA92AE7286591B5002E4F1A /* Build configuration list for PBXProject "SocketLogger" */;
			compatibilityVersion = "Xcode 13.0";
			developmentRegion = en;
			hasScannedForEncodings = 0;
			knownRegions = (
				en,
				Base,
			);
			mainGroup = 8CA92AE3286591B5002E4F1A;
			packageReferences = (
			);
			productRefGroup = 8CA92AED286591B5002E4F1A /* Products */;
			projectDirPath = "";
			projectRoot = "";
			targets = (
				8CA92AEB286591B5002E4F1A /* SocketLogger */,
			);
		};
/* End PBXProject section */

/* Begin PBXResourcesBuildPhase section */
		8CA92AEA286591B5002E4F1A /* Resources */ = {
			isa = PBXResourcesBuildPhase;
			buildActionMask = 2147483647;
			files = (
				8CAF9EA2286AECF900EB733E /* ThatThat.mp3 in Resources */,
				8CAF9EB8286C27CC00EB733E /* LogTableViewCell.xib in Resources */,
				8CA92AFC286591B7002E4F1A /* LaunchScreen.storyboard in Resources */,
				8CA92AF9286591B7002E4F1A /* Assets.xcassets in Resources */,
				8CA92AF7286591B5002E4F1A /* Main.storyboard in Resources */,
			);
			runOnlyForDeploymentPostprocessing = 0;
		};
/* End PBXResourcesBuildPhase section */

/* Begin PBXSourcesBuildPhase section */
		8CA92AE8286591B5002E4F1A /* Sources */ = {
			isa = PBXSourcesBuildPhase;
			buildActionMask = 2147483647;
			files = (
				8CAF9E45286AD6CE00EB733E /* UDPClient.swift in Sources */,
				8CAF9E43286AD6CE00EB733E /* TCPClient.swift in Sources */,
				8CAF9E42286AD6CE00EB733E /* ytcpsocket.c in Sources */,
				8CAF9E44286AD6CE00EB733E /* Result.swift in Sources */,
				8CA92AF4286591B5002E4F1A /* ViewController.swift in Sources */,
				8CA92AF0286591B5002E4F1A /* AppDelegate.swift in Sources */,
				8CAF9EB6286C1CDC00EB733E /* LogTableViewCell.swift in Sources */,
				8CAF9E46286AD6CE00EB733E /* Socket.swift in Sources */,
				8CAF9E41286AD6CE00EB733E /* yudpsocket.c in Sources */,
			);
			runOnlyForDeploymentPostprocessing = 0;
		};
/* End PBXSourcesBuildPhase section */

/* Begin PBXVariantGroup section */
		8CA92AF5286591B5002E4F1A /* Main.storyboard */ = {
			isa = PBXVariantGroup;
			children = (
				8CA92AF6286591B5002E4F1A /* Base */,
			);
			name = Main.storyboard;
			sourceTree = "<group>";
		};
		8CA92AFA286591B7002E4F1A /* LaunchScreen.storyboard */ = {
			isa = PBXVariantGroup;
			children = (
				8CA92AFB286591B7002E4F1A /* Base */,
			);
			name = LaunchScreen.storyboard;
			sourceTree = "<group>";
		};
/* End PBXVariantGroup section */

/* Begin XCBuildConfiguration section */
		8CA92AFE286591B7002E4F1A /* Debug */ = {
			isa = XCBuildConfiguration;
			buildSettings = {
				ALWAYS_SEARCH_USER_PATHS = NO;
				CLANG_ANALYZER_NONNULL = YES;
				CLANG_ANALYZER_NUMBER_OBJECT_CONVERSION = YES_AGGRESSIVE;
				CLANG_CXX_LANGUAGE_STANDARD = "gnu++17";
				CLANG_ENABLE_MODULES = YES;
				CLANG_ENABLE_OBJC_ARC = YES;
				CLANG_ENABLE_OBJC_WEAK = YES;
				CLANG_WARN_BLOCK_CAPTURE_AUTORELEASING = YES;
				CLANG_WARN_BOOL_CONVERSION = YES;
				CLANG_WARN_COMMA = YES;
				CLANG_WARN_CONSTANT_CONVERSION = YES;
				CLANG_WARN_DEPRECATED_OBJC_IMPLEMENTATIONS = YES;
				CLANG_WARN_DIRECT_OBJC_ISA_USAGE = YES_ERROR;
				CLANG_WARN_DOCUMENTATION_COMMENTS = YES;
				CLANG_WARN_EMPTY_BODY = YES;
				CLANG_WARN_ENUM_CONVERSION = YES;
				CLANG_WARN_INFINITE_RECURSION = YES;
				CLANG_WARN_INT_CONVERSION = YES;
				CLANG_WARN_NON_LITERAL_NULL_CONVERSION = YES;
				CLANG_WARN_OBJC_IMPLICIT_RETAIN_SELF = YES;
				CLANG_WARN_OBJC_LITERAL_CONVERSION = YES;
				CLANG_WARN_OBJC_ROOT_CLASS = YES_ERROR;
				CLANG_WARN_QUOTED_INCLUDE_IN_FRAMEWORK_HEADER = YES;
				CLANG_WARN_RANGE_LOOP_ANALYSIS = YES;
				CLANG_WARN_STRICT_PROTOTYPES = YES;
				CLANG_WARN_SUSPICIOUS_MOVE = YES;
				CLANG_WARN_UNGUARDED_AVAILABILITY = YES_AGGRESSIVE;
				CLANG_WARN_UNREACHABLE_CODE = YES;
				CLANG_WARN__DUPLICATE_METHOD_MATCH = YES;
				COPY_PHASE_STRIP = NO;
				DEBUG_INFORMATION_FORMAT = dwarf;
				ENABLE_STRICT_OBJC_MSGSEND = YES;
				ENABLE_TESTABILITY = YES;
				GCC_C_LANGUAGE_STANDARD = gnu11;
				GCC_DYNAMIC_NO_PIC = NO;
				GCC_NO_COMMON_BLOCKS = YES;
				GCC_OPTIMIZATION_LEVEL = 0;
				GCC_PREPROCESSOR_DEFINITIONS = (
					"DEBUG=1",
					"$(inherited)",
				);
				GCC_WARN_64_TO_32_BIT_CONVERSION = YES;
				GCC_WARN_ABOUT_RETURN_TYPE = YES_ERROR;
				GCC_WARN_UNDECLARED_SELECTOR = YES;
				GCC_WARN_UNINITIALIZED_AUTOS = YES_AGGRESSIVE;
				GCC_WARN_UNUSED_FUNCTION = YES;
				GCC_WARN_UNUSED_VARIABLE = YES;
				IPHONEOS_DEPLOYMENT_TARGET = 11.0;
				MTL_ENABLE_DEBUG_INFO = INCLUDE_SOURCE;
				MTL_FAST_MATH = YES;
				ONLY_ACTIVE_ARCH = YES;
				SDKROOT = iphoneos;
				SWIFT_ACTIVE_COMPILATION_CONDITIONS = DEBUG;
				SWIFT_OPTIMIZATION_LEVEL = "-Onone";
			};
			name = Debug;
		};
		8CA92AFF286591B7002E4F1A /* Release */ = {
			isa = XCBuildConfiguration;
			buildSettings = {
				ALWAYS_SEARCH_USER_PATHS = NO;
				CLANG_ANALYZER_NONNULL = YES;
				CLANG_ANALYZER_NUMBER_OBJECT_CONVERSION = YES_AGGRESSIVE;
				CLANG_CXX_LANGUAGE_STANDARD = "gnu++17";
				CLANG_ENABLE_MODULES = YES;
				CLANG_ENABLE_OBJC_ARC = YES;
				CLANG_ENABLE_OBJC_WEAK = YES;
				CLANG_WARN_BLOCK_CAPTURE_AUTORELEASING = YES;
				CLANG_WARN_BOOL_CONVERSION = YES;
				CLANG_WARN_COMMA = YES;
				CLANG_WARN_CONSTANT_CONVERSION = YES;
				CLANG_WARN_DEPRECATED_OBJC_IMPLEMENTATIONS = YES;
				CLANG_WARN_DIRECT_OBJC_ISA_USAGE = YES_ERROR;
				CLANG_WARN_DOCUMENTATION_COMMENTS = YES;
				CLANG_WARN_EMPTY_BODY = YES;
				CLANG_WARN_ENUM_CONVERSION = YES;
				CLANG_WARN_INFINITE_RECURSION = YES;
				CLANG_WARN_INT_CONVERSION = YES;
				CLANG_WARN_NON_LITERAL_NULL_CONVERSION = YES;
				CLANG_WARN_OBJC_IMPLICIT_RETAIN_SELF = YES;
				CLANG_WARN_OBJC_LITERAL_CONVERSION = YES;
				CLANG_WARN_OBJC_ROOT_CLASS = YES_ERROR;
				CLANG_WARN_QUOTED_INCLUDE_IN_FRAMEWORK_HEADER = YES;
				CLANG_WARN_RANGE_LOOP_ANALYSIS = YES;
				CLANG_WARN_STRICT_PROTOTYPES = YES;
				CLANG_WARN_SUSPICIOUS_MOVE = YES;
				CLANG_WARN_UNGUARDED_AVAILABILITY = YES_AGGRESSIVE;
				CLANG_WARN_UNREACHABLE_CODE = YES;
				CLANG_WARN__DUPLICATE_METHOD_MATCH = YES;
				COPY_PHASE_STRIP = NO;
				DEBUG_INFORMATION_FORMAT = "dwarf-with-dsym";
				ENABLE_NS_ASSERTIONS = NO;
				ENABLE_STRICT_OBJC_MSGSEND = YES;
				GCC_C_LANGUAGE_STANDARD = gnu11;
				GCC_NO_COMMON_BLOCKS = YES;
				GCC_WARN_64_TO_32_BIT_CONVERSION = YES;
				GCC_WARN_ABOUT_RETURN_TYPE = YES_ERROR;
				GCC_WARN_UNDECLARED_SELECTOR = YES;
				GCC_WARN_UNINITIALIZED_AUTOS = YES_AGGRESSIVE;
				GCC_WARN_UNUSED_FUNCTION = YES;
				GCC_WARN_UNUSED_VARIABLE = YES;
				IPHONEOS_DEPLOYMENT_TARGET = 11.0;
				MTL_ENABLE_DEBUG_INFO = NO;
				MTL_FAST_MATH = YES;
				SDKROOT = iphoneos;
				SWIFT_COMPILATION_MODE = wholemodule;
				SWIFT_OPTIMIZATION_LEVEL = "-O";
				VALIDATE_PRODUCT = YES;
			};
			name = Release;
		};
		8CA92B01286591B7002E4F1A /* Debug */ = {
			isa = XCBuildConfiguration;
			buildSettings = {
				ALWAYS_EMBED_SWIFT_STANDARD_LIBRARIES = YES;
				ASSETCATALOG_COMPILER_APPICON_NAME = AppIcon;
				ASSETCATALOG_COMPILER_GLOBAL_ACCENT_COLOR_NAME = AccentColor;
				CLANG_ENABLE_MODULES = YES;
				CLANG_ENABLE_OBJC_ARC = NO;
				CODE_SIGN_STYLE = Automatic;
				CURRENT_PROJECT_VERSION = 1;
				DEVELOPMENT_TEAM = 6WP6473ZA5;
				GENERATE_INFOPLIST_FILE = YES;
				INFOPLIST_FILE = SocketLogger/Info.plist;
				INFOPLIST_KEY_UIApplicationSupportsIndirectInputEvents = YES;
				INFOPLIST_KEY_UILaunchStoryboardName = LaunchScreen;
				INFOPLIST_KEY_UIMainStoryboardFile = Main;
				INFOPLIST_KEY_UISupportedInterfaceOrientations_iPad = "UIInterfaceOrientationPortrait UIInterfaceOrientationPortraitUpsideDown UIInterfaceOrientationLandscapeLeft UIInterfaceOrientationLandscapeRight";
				INFOPLIST_KEY_UISupportedInterfaceOrientations_iPhone = "UIInterfaceOrientationPortrait UIInterfaceOrientationLandscapeLeft UIInterfaceOrientationLandscapeRight";
				LD_RUNPATH_SEARCH_PATHS = (
					"$(inherited)",
					"@executable_path/Frameworks",
				);
				MARKETING_VERSION = 1.0;
				PRODUCT_BUNDLE_IDENTIFIER = com.samse.SocketLogger;
				PRODUCT_NAME = "$(TARGET_NAME)";
				SWIFT_EMIT_LOC_STRINGS = YES;
				SWIFT_OBJC_BRIDGING_HEADER = "SocketLogger/SocketLogger-Bridging-Header.h";
				SWIFT_OPTIMIZATION_LEVEL = "-Onone";
				SWIFT_VERSION = 5.0;
				TARGETED_DEVICE_FAMILY = "1,2";
			};
			name = Debug;
		};
		8CA92B02286591B7002E4F1A /* Release */ = {
			isa = XCBuildConfiguration;
			buildSettings = {
				ALWAYS_EMBED_SWIFT_STANDARD_LIBRARIES = YES;
				ASSETCATALOG_COMPILER_APPICON_NAME = AppIcon;
				ASSETCATALOG_COMPILER_GLOBAL_ACCENT_COLOR_NAME = AccentColor;
				CLANG_ENABLE_MODULES = YES;
				CLANG_ENABLE_OBJC_ARC = NO;
				CODE_SIGN_STYLE = Automatic;
				CURRENT_PROJECT_VERSION = 1;
				DEVELOPMENT_TEAM = 6WP6473ZA5;
				GENERATE_INFOPLIST_FILE = YES;
				INFOPLIST_FILE = SocketLogger/Info.plist;
				INFOPLIST_KEY_UIApplicationSupportsIndirectInputEvents = YES;
				INFOPLIST_KEY_UILaunchStoryboardName = LaunchScreen;
				INFOPLIST_KEY_UIMainStoryboardFile = Main;
				INFOPLIST_KEY_UISupportedInterfaceOrientations_iPad = "UIInterfaceOrientationPortrait UIInterfaceOrientationPortraitUpsideDown UIInterfaceOrientationLandscapeLeft UIInterfaceOrientationLandscapeRight";
				INFOPLIST_KEY_UISupportedInterfaceOrientations_iPhone = "UIInterfaceOrientationPortrait UIInterfaceOrientationLandscapeLeft UIInterfaceOrientationLandscapeRight";
				LD_RUNPATH_SEARCH_PATHS = (
					"$(inherited)",
					"@executable_path/Frameworks",
				);
				MARKETING_VERSION = 1.0;
				PRODUCT_BUNDLE_IDENTIFIER = com.samse.SocketLogger;
				PRODUCT_NAME = "$(TARGET_NAME)";
				SWIFT_EMIT_LOC_STRINGS = YES;
				SWIFT_OBJC_BRIDGING_HEADER = "SocketLogger/SocketLogger-Bridging-Header.h";
				SWIFT_VERSION = 5.0;
				TARGETED_DEVICE_FAMILY = "1,2";
			};
			name = Release;
		};
/* End XCBuildConfiguration section */

/* Begin XCConfigurationList section */
		8CA92AE7286591B5002E4F1A /* Build configuration list for PBXProject "SocketLogger" */ = {
			isa = XCConfigurationList;
			buildConfigurations = (
				8CA92AFE286591B7002E4F1A /* Debug */,
				8CA92AFF286591B7002E4F1A /* Release */,
			);
			defaultConfigurationIsVisible = 0;
			defaultConfigurationName = Release;
		};
		8CA92B00286591B7002E4F1A /* Build configuration list for PBXNativeTarget "SocketLogger" */ = {
			isa = XCConfigurationList;
			buildConfigurations = (
				8CA92B01286591B7002E4F1A /* Debug */,
				8CA92B02286591B7002E4F1A /* Release */,
			);
			defaultConfigurationIsVisible = 0;
			defaultConfigurationName = Release;
		};
/* End XCConfigurationList section */
	};
	rootObject = 8CA92AE4286591B5002E4F1A /* Project object */;
}
